{
  "name": "metamask-docs",
  "version": "0.0.0",
  "lockfileVersion": 1,
  "requires": true,
  "dependencies": {
    "@ndhoule/each": {
      "version": "2.0.1",
      "resolved": "https://registry.npmjs.org/@ndhoule/each/-/each-2.0.1.tgz",
      "integrity": "sha512-wHuJw6x+rF6Q9Skgra++KccjBozCr9ymtna0FhxmV/8xT/hZ2ExGYR8SV8prg8x4AH/7mzDYErNGIVHuzHeybw==",
      "requires": {
        "@ndhoule/keys": "^2.0.0"
      }
    },
    "@ndhoule/keys": {
      "version": "2.0.0",
      "resolved": "https://registry.npmjs.org/@ndhoule/keys/-/keys-2.0.0.tgz",
      "integrity": "sha512-vtCqKBC1Av6dsBA8xpAO+cgk051nfaI+PnmTZep2Px0vYrDvpUmLxv7z40COlWH5yCpu3gzNhepk+02yiQiZNw=="
    },
    "@ndhoule/map": {
      "version": "2.0.1",
      "resolved": "https://registry.npmjs.org/@ndhoule/map/-/map-2.0.1.tgz",
      "integrity": "sha512-WOEf2An9mL4DVY6NHgaRmFC82pZGrmzW4I0hpPPdczDP4Gp5+Q1Nny77x3w0qzENA8+cbgd9+Lx2ClSTLvkB0g==",
      "requires": {
        "@ndhoule/each": "^2.0.1"
      }
    },
    "@segment/snippet": {
      "version": "4.16.2",
      "resolved": "https://registry.npmjs.org/@segment/snippet/-/snippet-4.16.2.tgz",
      "integrity": "sha512-2fgsrt4U+vKv14ohOAsViCEzeZotaawF2Il7YUbmYVrhPn8Hq7xuGznHKRdZeoxScQ87X36xDX2Fzh5bAYRN7g==",
      "requires": {
        "@ndhoule/map": "^2.0.1"
      }
    },
    "docusaurus-plugin-segment": {
      "version": "1.0.4",
      "resolved": "https://registry.npmjs.org/docusaurus-plugin-segment/-/docusaurus-plugin-segment-1.0.4.tgz",
      "integrity": "sha512-kJT0wvhlursmjHNrrQDs7Ce6vAB+yjflr8P6T0s6LE87BPA2+KQ8ifyNb4PwSdX91OJ5bBYyb4V0T8EI8MtGWQ==",
      "requires": {
        "@segment/snippet": "^4.13.2"
      }
    }
  }
}
